// !$*UTF8*$!
{
	archiveVersion = 1;
	classes = {
	};
	objectVersion = 55;
	objects = {

/* Begin PBXBuildFile section */
		A5CB4F012770D2350012A08E /* AppDelegate.swift in Sources */ = {isa = PBXBuildFile; fileRef = A5CB4F002770D2350012A08E /* AppDelegate.swift */; };
		A5CB4F032770D2350012A08E /* SceneDelegate.swift in Sources */ = {isa = PBXBuildFile; fileRef = A5CB4F022770D2350012A08E /* SceneDelegate.swift */; };
		A5CB4F052770D2350012A08E /* ViewController.swift in Sources */ = {isa = PBXBuildFile; fileRef = A5CB4F042770D2350012A08E /* ViewController.swift */; };
		A5CB4F082770D2360012A08E /* Main.storyboard in Resources */ = {isa = PBXBuildFile; fileRef = A5CB4F062770D2360012A08E /* Main.storyboard */; };
		A5CB4F0A2770D23A0012A08E /* Assets.xcassets in Resources */ = {isa = PBXBuildFile; fileRef = A5CB4F092770D23A0012A08E /* Assets.xcassets */; };
		A5CB4F0D2770D23A0012A08E /* LaunchScreen.storyboard in Resources */ = {isa = PBXBuildFile; fileRef = A5CB4F0B2770D23A0012A08E /* LaunchScreen.storyboard */; };
		A5CB4F182770D23A0012A08E /* maps_Zgorodny__ZyablovTests.swift in Sources */ = {isa = PBXBuildFile; fileRef = A5CB4F172770D23A0012A08E /* maps_Zgorodny__ZyablovTests.swift */; };
		A5CB4F222770D23A0012A08E /* maps_Zgorodny__ZyablovUITests.swift in Sources */ = {isa = PBXBuildFile; fileRef = A5CB4F212770D23A0012A08E /* maps_Zgorodny__ZyablovUITests.swift */; };
		A5CB4F242770D23A0012A08E /* maps_Zgorodny__ZyablovUITestsLaunchTests.swift in Sources */ = {isa = PBXBuildFile; fileRef = A5CB4F232770D23A0012A08E /* maps_Zgorodny__ZyablovUITestsLaunchTests.swift */; };
/* End PBXBuildFile section */

/* Begin PBXContainerItemProxy section */
		A5CB4F142770D23A0012A08E /* PBXContainerItemProxy */ = {
			isa = PBXContainerItemProxy;
			containerPortal = A5CB4EF52770D2350012A08E /* Project object */;
			proxyType = 1;
			remoteGlobalIDString = A5CB4EFC2770D2350012A08E;
			remoteInfo = "maps_Zgorodny\U001f_Zyablov";
		};
		A5CB4F1E2770D23A0012A08E /* PBXContainerItemProxy */ = {
			isa = PBXContainerItemProxy;
			containerPortal = A5CB4EF52770D2350012A08E /* Project object */;
			proxyType = 1;
			remoteGlobalIDString = A5CB4EFC2770D2350012A08E;
			remoteInfo = "maps_Zgorodny\U001f_Zyablov";
		};
/* End PBXContainerItemProxy section */

/* Begin PBXFileReference section */
		A5CB4EFD2770D2350012A08E /* maps_Zgorodny_Zyablov.app */ = {isa = PBXFileReference; explicitFileType = wrapper.application; includeInIndex = 0; path = "maps_Zgorodny\U001f_Zyablov.app"; sourceTree = BUILT_PRODUCTS_DIR; };
		A5CB4F002770D2350012A08E /* AppDelegate.swift */ = {isa = PBXFileReference; lastKnownFileType = sourcecode.swift; path = AppDelegate.swift; sourceTree = "<group>"; };
		A5CB4F022770D2350012A08E /* SceneDelegate.swift */ = {isa = PBXFileReference; lastKnownFileType = sourcecode.swift; path = SceneDelegate.swift; sourceTree = "<group>"; };
		A5CB4F042770D2350012A08E /* ViewController.swift */ = {isa = PBXFileReference; lastKnownFileType = sourcecode.swift; path = ViewController.swift; sourceTree = "<group>"; };
		A5CB4F072770D2360012A08E /* Base */ = {isa = PBXFileReference; lastKnownFileType = file.storyboard; name = Base; path = Base.lproj/Main.storyboard; sourceTree = "<group>"; };
		A5CB4F092770D23A0012A08E /* Assets.xcassets */ = {isa = PBXFileReference; lastKnownFileType = folder.assetcatalog; path = Assets.xcassets; sourceTree = "<group>"; };
		A5CB4F0C2770D23A0012A08E /* Base */ = {isa = PBXFileReference; lastKnownFileType = file.storyboard; name = Base; path = Base.lproj/LaunchScreen.storyboard; sourceTree = "<group>"; };
		A5CB4F0E2770D23A0012A08E /* Info.plist */ = {isa = PBXFileReference; lastKnownFileType = text.plist.xml; path = Info.plist; sourceTree = "<group>"; };
		A5CB4F132770D23A0012A08E /* maps_Zgorodny_ZyablovTests.xctest */ = {isa = PBXFileReference; explicitFileType = wrapper.cfbundle; includeInIndex = 0; path = "maps_Zgorodny\U001f_ZyablovTests.xctest"; sourceTree = BUILT_PRODUCTS_DIR; };
		A5CB4F172770D23A0012A08E /* maps_Zgorodny__ZyablovTests.swift */ = {isa = PBXFileReference; lastKnownFileType = sourcecode.swift; path = maps_Zgorodny__ZyablovTests.swift; sourceTree = "<group>"; };
		A5CB4F1D2770D23A0012A08E /* maps_Zgorodny_ZyablovUITests.xctest */ = {isa = PBXFileReference; explicitFileType = wrapper.cfbundle; includeInIndex = 0; path = "maps_Zgorodny\U001f_ZyablovUITests.xctest"; sourceTree = BUILT_PRODUCTS_DIR; };
		A5CB4F212770D23A0012A08E /* maps_Zgorodny__ZyablovUITests.swift */ = {isa = PBXFileReference; lastKnownFileType = sourcecode.swift; path = maps_Zgorodny__ZyablovUITests.swift; sourceTree = "<group>"; };
		A5CB4F232770D23A0012A08E /* maps_Zgorodny__ZyablovUITestsLaunchTests.swift */ = {isa = PBXFileReference; lastKnownFileType = sourcecode.swift; path = maps_Zgorodny__ZyablovUITestsLaunchTests.swift; sourceTree = "<group>"; };
/* End PBXFileReference section */

/* Begin PBXFrameworksBuildPhase section */
		A5CB4EFA2770D2350012A08E /* Frameworks */ = {
			isa = PBXFrameworksBuildPhase;
			buildActionMask = 2147483647;
			files = (
			);
			runOnlyForDeploymentPostprocessing = 0;
		};
		A5CB4F102770D23A0012A08E /* Frameworks */ = {
			isa = PBXFrameworksBuildPhase;
			buildActionMask = 2147483647;
			files = (
			);
			runOnlyForDeploymentPostprocessing = 0;
		};
		A5CB4F1A2770D23A0012A08E /* Frameworks */ = {
			isa = PBXFrameworksBuildPhase;
			buildActionMask = 2147483647;
			files = (
			);
			runOnlyForDeploymentPostprocessing = 0;
		};
/* End PBXFrameworksBuildPhase section */

/* Begin PBXGroup section */
		A5CB4EF42770D2350012A08E = {
			isa = PBXGroup;
			children = (
				A5CB4EFF2770D2350012A08E /* maps_Zgorodny_Zyablov */,
				A5CB4F162770D23A0012A08E /* maps_Zgorodny_ZyablovTests */,
				A5CB4F202770D23A0012A08E /* maps_Zgorodny_ZyablovUITests */,
				A5CB4EFE2770D2350012A08E /* Products */,
			);
			sourceTree = "<group>";
		};
		A5CB4EFE2770D2350012A08E /* Products */ = {
			isa = PBXGroup;
			children = (
				A5CB4EFD2770D2350012A08E /* maps_Zgorodny_Zyablov.app */,
				A5CB4F132770D23A0012A08E /* maps_Zgorodny_ZyablovTests.xctest */,
				A5CB4F1D2770D23A0012A08E /* maps_Zgorodny_ZyablovUITests.xctest */,
			);
			name = Products;
			sourceTree = "<group>";
		};
		A5CB4EFF2770D2350012A08E /* maps_Zgorodny_Zyablov */ = {
			isa = PBXGroup;
			children = (
				A5CB4F002770D2350012A08E /* AppDelegate.swift */,
				A5CB4F022770D2350012A08E /* SceneDelegate.swift */,
				A5CB4F042770D2350012A08E /* ViewController.swift */,
				A5CB4F062770D2360012A08E /* Main.storyboard */,
				A5CB4F092770D23A0012A08E /* Assets.xcassets */,
				A5CB4F0B2770D23A0012A08E /* LaunchScreen.storyboard */,
				A5CB4F0E2770D23A0012A08E /* Info.plist */,
			);
			path = "maps_Zgorodny\U001f_Zyablov";
			sourceTree = "<group>";
		};
		A5CB4F162770D23A0012A08E /* maps_Zgorodny_ZyablovTests */ = {
			isa = PBXGroup;
			children = (
				A5CB4F172770D23A0012A08E /* maps_Zgorodny__ZyablovTests.swift */,
			);
			path = "maps_Zgorodny\U001f_ZyablovTests";
			sourceTree = "<group>";
		};
		A5CB4F202770D23A0012A08E /* maps_Zgorodny_ZyablovUITests */ = {
			isa = PBXGroup;
			children = (
				A5CB4F212770D23A0012A08E /* maps_Zgorodny__ZyablovUITests.swift */,
				A5CB4F232770D23A0012A08E /* maps_Zgorodny__ZyablovUITestsLaunchTests.swift */,
			);
			path = "maps_Zgorodny\U001f_ZyablovUITests";
			sourceTree = "<group>";
		};
/* End PBXGroup section */

/* Begin PBXNativeTarget section */
		A5CB4EFC2770D2350012A08E /* maps_Zgorodny_Zyablov */ = {
			isa = PBXNativeTarget;
			buildConfigurationList = A5CB4F272770D23A0012A08E /* Build configuration list for PBXNativeTarget "maps_Zgorodny_Zyablov" */;
			buildPhases = (
				A5CB4EF92770D2350012A08E /* Sources */,
				A5CB4EFA2770D2350012A08E /* Frameworks */,
				A5CB4EFB2770D2350012A08E /* Resources */,
			);
			buildRules = (
			);
			dependencies = (
			);
			name = "maps_Zgorodny\U001f_Zyablov";
			productName = "maps_Zgorodny\U001f_Zyablov";
			productReference = A5CB4EFD2770D2350012A08E /* maps_Zgorodny_Zyablov.app */;
			productType = "com.apple.product-type.application";
		};
		A5CB4F122770D23A0012A08E /* maps_Zgorodny_ZyablovTests */ = {
			isa = PBXNativeTarget;
			buildConfigurationList = A5CB4F2A2770D23A0012A08E /* Build configuration list for PBXNativeTarget "maps_Zgorodny_ZyablovTests" */;
			buildPhases = (
				A5CB4F0F2770D23A0012A08E /* Sources */,
				A5CB4F102770D23A0012A08E /* Frameworks */,
				A5CB4F112770D23A0012A08E /* Resources */,
			);
			buildRules = (
			);
			dependencies = (
				A5CB4F152770D23A0012A08E /* PBXTargetDependency */,
			);
			name = "maps_Zgorodny\U001f_ZyablovTests";
			productName = "maps_Zgorodny\U001f_ZyablovTests";
			productReference = A5CB4F132770D23A0012A08E /* maps_Zgorodny_ZyablovTests.xctest */;
			productType = "com.apple.product-type.bundle.unit-test";
		};
		A5CB4F1C2770D23A0012A08E /* maps_Zgorodny_ZyablovUITests */ = {
			isa = PBXNativeTarget;
			buildConfigurationList = A5CB4F2D2770D23A0012A08E /* Build configuration list for PBXNativeTarget "maps_Zgorodny_ZyablovUITests" */;
			buildPhases = (
				A5CB4F192770D23A0012A08E /* Sources */,
				A5CB4F1A2770D23A0012A08E /* Frameworks */,
				A5CB4F1B2770D23A0012A08E /* Resources */,
			);
			buildRules = (
			);
			dependencies = (
				A5CB4F1F2770D23A0012A08E /* PBXTargetDependency */,
			);
			name = "maps_Zgorodny\U001f_ZyablovUITests";
			productName = "maps_Zgorodny\U001f_ZyablovUITests";
			productReference = A5CB4F1D2770D23A0012A08E /* maps_Zgorodny_ZyablovUITests.xctest */;
			productType = "com.apple.product-type.bundle.ui-testing";
		};
/* End PBXNativeTarget section */

/* Begin PBXProject section */
		A5CB4EF52770D2350012A08E /* Project object */ = {
			isa = PBXProject;
			attributes = {
				BuildIndependentTargetsInParallel = 1;
				LastSwiftUpdateCheck = 1310;
				LastUpgradeCheck = 1310;
				TargetAttributes = {
					A5CB4EFC2770D2350012A08E = {
						CreatedOnToolsVersion = 13.1;
					};
					A5CB4F122770D23A0012A08E = {
						CreatedOnToolsVersion = 13.1;
						TestTargetID = A5CB4EFC2770D2350012A08E;
					};
					A5CB4F1C2770D23A0012A08E = {
						CreatedOnToolsVersion = 13.1;
						TestTargetID = A5CB4EFC2770D2350012A08E;
					};
				};
			};
			buildConfigurationList = A5CB4EF82770D2350012A08E /* Build configuration list for PBXProject "maps_Zgorodny_Zyablov" */;
			compatibilityVersion = "Xcode 13.0";
			developmentRegion = en;
			hasScannedForEncodings = 0;
			knownRegions = (
				en,
				Base,
			);
			mainGroup = A5CB4EF42770D2350012A08E;
			productRefGroup = A5CB4EFE2770D2350012A08E /* Products */;
			projectDirPath = "";
			projectRoot = "";
			targets = (
				A5CB4EFC2770D2350012A08E /* maps_Zgorodny_Zyablov */,
				A5CB4F122770D23A0012A08E /* maps_Zgorodny_ZyablovTests */,
				A5CB4F1C2770D23A0012A08E /* maps_Zgorodny_ZyablovUITests */,
			);
		};
/* End PBXProject section */

/* Begin PBXResourcesBuildPhase section */
		A5CB4EFB2770D2350012A08E /* Resources */ = {
			isa = PBXResourcesBuildPhase;
			buildActionMask = 2147483647;
			files = (
				A5CB4F0D2770D23A0012A08E /* LaunchScreen.storyboard in Resources */,
				A5CB4F0A2770D23A0012A08E /* Assets.xcassets in Resources */,
				A5CB4F082770D2360012A08E /* Main.storyboard in Resources */,
			);
			runOnlyForDeploymentPostprocessing = 0;
		};
		A5CB4F112770D23A0012A08E /* Resources */ = {
			isa = PBXResourcesBuildPhase;
			buildActionMask = 2147483647;
			files = (
			);
			runOnlyForDeploymentPostprocessing = 0;
		};
		A5CB4F1B2770D23A0012A08E /* Resources */ = {
			isa = PBXResourcesBuildPhase;
			buildActionMask = 2147483647;
			files = (
			);
			runOnlyForDeploymentPostprocessing = 0;
		};
/* End PBXResourcesBuildPhase section */

/* Begin PBXSourcesBuildPhase section */
		A5CB4EF92770D2350012A08E /* Sources */ = {
			isa = PBXSourcesBuildPhase;
			buildActionMask = 2147483647;
			files = (
				A5CB4F052770D2350012A08E /* ViewController.swift in Sources */,
				A5CB4F012770D2350012A08E /* AppDelegate.swift in Sources */,
				A5CB4F032770D2350012A08E /* SceneDelegate.swift in Sources */,
			);
			runOnlyForDeploymentPostprocessing = 0;
		};
		A5CB4F0F2770D23A0012A08E /* Sources */ = {
			isa = PBXSourcesBuildPhase;
			buildActionMask = 2147483647;
			files = (
				A5CB4F182770D23A0012A08E /* maps_Zgorodny__ZyablovTests.swift in Sources */,
			);
			runOnlyForDeploymentPostprocessing = 0;
		};
		A5CB4F192770D23A0012A08E /* Sources */ = {
			isa = PBXSourcesBuildPhase;
			buildActionMask = 2147483647;
			files = (
				A5CB4F222770D23A0012A08E /* maps_Zgorodny__ZyablovUITests.swift in Sources */,
				A5CB4F242770D23A0012A08E /* maps_Zgorodny__ZyablovUITestsLaunchTests.swift in Sources */,
			);
			runOnlyForDeploymentPostprocessing = 0;
		};
/* End PBXSourcesBuildPhase section */

/* Begin PBXTargetDependency section */
		A5CB4F152770D23A0012A08E /* PBXTargetDependency */ = {
			isa = PBXTargetDependency;
			target = A5CB4EFC2770D2350012A08E /* maps_Zgorodny_Zyablov */;
			targetProxy = A5CB4F142770D23A0012A08E /* PBXContainerItemProxy */;
		};
		A5CB4F1F2770D23A0012A08E /* PBXTargetDependency */ = {
			isa = PBXTargetDependency;
			target = A5CB4EFC2770D2350012A08E /* maps_Zgorodny_Zyablov */;
			targetProxy = A5CB4F1E2770D23A0012A08E /* PBXContainerItemProxy */;
		};
/* End PBXTargetDependency section */

/* Begin PBXVariantGroup section */
		A5CB4F062770D2360012A08E /* Main.storyboard */ = {
			isa = PBXVariantGroup;
			children = (
				A5CB4F072770D2360012A08E /* Base */,
			);
			name = Main.storyboard;
			sourceTree = "<group>";
		};
		A5CB4F0B2770D23A0012A08E /* LaunchScreen.storyboard */ = {
			isa = PBXVariantGroup;
			children = (
				A5CB4F0C2770D23A0012A08E /* Base */,
			);
			name = LaunchScreen.storyboard;
			sourceTree = "<group>";
		};
/* End PBXVariantGroup section */

/* Begin XCBuildConfiguration section */
		A5CB4F252770D23A0012A08E /* Debug */ = {
			isa = XCBuildConfiguration;
			buildSettings = {
				ALWAYS_SEARCH_USER_PATHS = NO;
				CLANG_ANALYZER_NONNULL = YES;
				CLANG_ANALYZER_NUMBER_OBJECT_CONVERSION = YES_AGGRESSIVE;
				CLANG_CXX_LANGUAGE_STANDARD = "gnu++17";
				CLANG_CXX_LIBRARY = "libc++";
				CLANG_ENABLE_MODULES = YES;
				CLANG_ENABLE_OBJC_ARC = YES;
				CLANG_ENABLE_OBJC_WEAK = YES;
				CLANG_WARN_BLOCK_CAPTURE_AUTORELEASING = YES;
				CLANG_WARN_BOOL_CONVERSION = YES;
				CLANG_WARN_COMMA = YES;
				CLANG_WARN_CONSTANT_CONVERSION = YES;
				CLANG_WARN_DEPRECATED_OBJC_IMPLEMENTATIONS = YES;
				CLANG_WARN_DIRECT_OBJC_ISA_USAGE = YES_ERROR;
				CLANG_WARN_DOCUMENTATION_COMMENTS = YES;
				CLANG_WARN_EMPTY_BODY = YES;
				CLANG_WARN_ENUM_CONVERSION = YES;
				CLANG_WARN_INFINITE_RECURSION = YES;
				CLANG_WARN_INT_CONVERSION = YES;
				CLANG_WARN_NON_LITERAL_NULL_CONVERSION = YES;
				CLANG_WARN_OBJC_IMPLICIT_RETAIN_SELF = YES;
				CLANG_WARN_OBJC_LITERAL_CONVERSION = YES;
				CLANG_WARN_OBJC_ROOT_CLASS = YES_ERROR;
				CLANG_WARN_QUOTED_INCLUDE_IN_FRAMEWORK_HEADER = YES;
				CLANG_WARN_RANGE_LOOP_ANALYSIS = YES;
				CLANG_WARN_STRICT_PROTOTYPES = YES;
				CLANG_WARN_SUSPICIOUS_MOVE = YES;
				CLANG_WARN_UNGUARDED_AVAILABILITY = YES_AGGRESSIVE;
				CLANG_WARN_UNREACHABLE_CODE = YES;
				CLANG_WARN__DUPLICATE_METHOD_MATCH = YES;
				COPY_PHASE_STRIP = NO;
				DEBUG_INFORMATION_FORMAT = dwarf;
				ENABLE_STRICT_OBJC_MSGSEND = YES;
				ENABLE_TESTABILITY = YES;
				GCC_C_LANGUAGE_STANDARD = gnu11;
				GCC_DYNAMIC_NO_PIC = NO;
				GCC_NO_COMMON_BLOCKS = YES;
				GCC_OPTIMIZATION_LEVEL = 0;
				GCC_PREPROCESSOR_DEFINITIONS = (
					"DEBUG=1",
					"$(inherited)",
				);
				GCC_WARN_64_TO_32_BIT_CONVERSION = YES;
				GCC_WARN_ABOUT_RETURN_TYPE = YES_ERROR;
				GCC_WARN_UNDECLARED_SELECTOR = YES;
				GCC_WARN_UNINITIALIZED_AUTOS = YES_AGGRESSIVE;
				GCC_WARN_UNUSED_FUNCTION = YES;
				GCC_WARN_UNUSED_VARIABLE = YES;
				IPHONEOS_DEPLOYMENT_TARGET = 15.0;
				MTL_ENABLE_DEBUG_INFO = INCLUDE_SOURCE;
				MTL_FAST_MATH = YES;
				ONLY_ACTIVE_ARCH = YES;
				SDKROOT = iphoneos;
				SWIFT_ACTIVE_COMPILATION_CONDITIONS = DEBUG;
				SWIFT_OPTIMIZATION_LEVEL = "-Onone";
			};
			name = Debug;
		};
		A5CB4F262770D23A0012A08E /* Release */ = {
			isa = XCBuildConfiguration;
			buildSettings = {
				ALWAYS_SEARCH_USER_PATHS = NO;
				CLANG_ANALYZER_NONNULL = YES;
				CLANG_ANALYZER_NUMBER_OBJECT_CONVERSION = YES_AGGRESSIVE;
				CLANG_CXX_LANGUAGE_STANDARD = "gnu++17";
				CLANG_CXX_LIBRARY = "libc++";
				CLANG_ENABLE_MODULES = YES;
				CLANG_ENABLE_OBJC_ARC = YES;
				CLANG_ENABLE_OBJC_WEAK = YES;
				CLANG_WARN_BLOCK_CAPTURE_AUTORELEASING = YES;
				CLANG_WARN_BOOL_CONVERSION = YES;
				CLANG_WARN_COMMA = YES;
				CLANG_WARN_CONSTANT_CONVERSION = YES;
				CLANG_WARN_DEPRECATED_OBJC_IMPLEMENTATIONS = YES;
				CLANG_WARN_DIRECT_OBJC_ISA_USAGE = YES_ERROR;
				CLANG_WARN_DOCUMENTATION_COMMENTS = YES;
				CLANG_WARN_EMPTY_BODY = YES;
				CLANG_WARN_ENUM_CONVERSION = YES;
				CLANG_WARN_INFINITE_RECURSION = YES;
				CLANG_WARN_INT_CONVERSION = YES;
				CLANG_WARN_NON_LITERAL_NULL_CONVERSION = YES;
				CLANG_WARN_OBJC_IMPLICIT_RETAIN_SELF = YES;
				CLANG_WARN_OBJC_LITERAL_CONVERSION = YES;
				CLANG_WARN_OBJC_ROOT_CLASS = YES_ERROR;
				CLANG_WARN_QUOTED_INCLUDE_IN_FRAMEWORK_HEADER = YES;
				CLANG_WARN_RANGE_LOOP_ANALYSIS = YES;
				CLANG_WARN_STRICT_PROTOTYPES = YES;
				CLANG_WARN_SUSPICIOUS_MOVE = YES;
				CLANG_WARN_UNGUARDED_AVAILABILITY = YES_AGGRESSIVE;
				CLANG_WARN_UNREACHABLE_CODE = YES;
				CLANG_WARN__DUPLICATE_METHOD_MATCH = YES;
				COPY_PHASE_STRIP = NO;
				DEBUG_INFORMATION_FORMAT = "dwarf-with-dsym";
				ENABLE_NS_ASSERTIONS = NO;
				ENABLE_STRICT_OBJC_MSGSEND = YES;
				GCC_C_LANGUAGE_STANDARD = gnu11;
				GCC_NO_COMMON_BLOCKS = YES;
				GCC_WARN_64_TO_32_BIT_CONVERSION = YES;
				GCC_WARN_ABOUT_RETURN_TYPE = YES_ERROR;
				GCC_WARN_UNDECLARED_SELECTOR = YES;
				GCC_WARN_UNINITIALIZED_AUTOS = YES_AGGRESSIVE;
				GCC_WARN_UNUSED_FUNCTION = YES;
				GCC_WARN_UNUSED_VARIABLE = YES;
				IPHONEOS_DEPLOYMENT_TARGET = 15.0;
				MTL_ENABLE_DEBUG_INFO = NO;
				MTL_FAST_MATH = YES;
				SDKROOT = iphoneos;
				SWIFT_COMPILATION_MODE = wholemodule;
				SWIFT_OPTIMIZATION_LEVEL = "-O";
				VALIDATE_PRODUCT = YES;
			};
			name = Release;
		};
		A5CB4F282770D23A0012A08E /* Debug */ = {
			isa = XCBuildConfiguration;
			buildSettings = {
				ASSETCATALOG_COMPILER_APPICON_NAME = AppIcon;
				ASSETCATALOG_COMPILER_GLOBAL_ACCENT_COLOR_NAME = AccentColor;
				CODE_SIGN_STYLE = Automatic;
				CURRENT_PROJECT_VERSION = 1;
				DEVELOPMENT_TEAM = 529YP6Q7F6;
				GENERATE_INFOPLIST_FILE = YES;
				INFOPLIST_FILE = "maps_Zgorodny\U001f_Zyablov/Info.plist";
				INFOPLIST_KEY_UIApplicationSupportsIndirectInputEvents = YES;
				INFOPLIST_KEY_UILaunchStoryboardName = LaunchScreen;
				INFOPLIST_KEY_UIMainStoryboardFile = Main;
				INFOPLIST_KEY_UISupportedInterfaceOrientations_iPad = "UIInterfaceOrientationPortrait UIInterfaceOrientationPortraitUpsideDown UIInterfaceOrientationLandscapeLeft UIInterfaceOrientationLandscapeRight";
				INFOPLIST_KEY_UISupportedInterfaceOrientations_iPhone = "UIInterfaceOrientationPortrait UIInterfaceOrientationLandscapeLeft UIInterfaceOrientationLandscapeRight";
				LD_RUNPATH_SEARCH_PATHS = (
					"$(inherited)",
					"@executable_path/Frameworks",
				);
				MARKETING_VERSION = 1.0;
				PRODUCT_BUNDLE_IDENTIFIER = "com.zagorodny.maps-Zgorodny--Zyablov";
				PRODUCT_NAME = "$(TARGET_NAME)";
				SWIFT_EMIT_LOC_STRINGS = YES;
				SWIFT_VERSION = 5.0;
				TARGETED_DEVICE_FAMILY = "1,2";
			};
			name = Debug;
		};
		A5CB4F292770D23A0012A08E /* Release */ = {
			isa = XCBuildConfiguration;
			buildSettings = {
				ASSETCATALOG_COMPILER_APPICON_NAME = AppIcon;
				ASSETCATALOG_COMPILER_GLOBAL_ACCENT_COLOR_NAME = AccentColor;
				CODE_SIGN_STYLE = Automatic;
				CURRENT_PROJECT_VERSION = 1;
				DEVELOPMENT_TEAM = 529YP6Q7F6;
				GENERATE_INFOPLIST_FILE = YES;
				INFOPLIST_FILE = "maps_Zgorodny\U001f_Zyablov/Info.plist";
				INFOPLIST_KEY_UIApplicationSupportsIndirectInputEvents = YES;
				INFOPLIST_KEY_UILaunchStoryboardName = LaunchScreen;
				INFOPLIST_KEY_UIMainStoryboardFile = Main;
				INFOPLIST_KEY_UISupportedInterfaceOrientations_iPad = "UIInterfaceOrientationPortrait UIInterfaceOrientationPortraitUpsideDown UIInterfaceOrientationLandscapeLeft UIInterfaceOrientationLandscapeRight";
				INFOPLIST_KEY_UISupportedInterfaceOrientations_iPhone = "UIInterfaceOrientationPortrait UIInterfaceOrientationLandscapeLeft UIInterfaceOrientationLandscapeRight";
				LD_RUNPATH_SEARCH_PATHS = (
					"$(inherited)",
					"@executable_path/Frameworks",
				);
				MARKETING_VERSION = 1.0;
				PRODUCT_BUNDLE_IDENTIFIER = "com.zagorodny.maps-Zgorodny--Zyablov";
				PRODUCT_NAME = "$(TARGET_NAME)";
				SWIFT_EMIT_LOC_STRINGS = YES;
				SWIFT_VERSION = 5.0;
				TARGETED_DEVICE_FAMILY = "1,2";
			};
			name = Release;
		};
		A5CB4F2B2770D23A0012A08E /* Debug */ = {
			isa = XCBuildConfiguration;
			buildSettings = {
				ALWAYS_EMBED_SWIFT_STANDARD_LIBRARIES = YES;
				BUNDLE_LOADER = "$(TEST_HOST)";
				CODE_SIGN_STYLE = Automatic;
				CURRENT_PROJECT_VERSION = 1;
				DEVELOPMENT_TEAM = 529YP6Q7F6;
				GENERATE_INFOPLIST_FILE = YES;
				IPHONEOS_DEPLOYMENT_TARGET = 15.0;
				LD_RUNPATH_SEARCH_PATHS = (
					"$(inherited)",
					"@executable_path/Frameworks",
					"@loader_path/Frameworks",
				);
				MARKETING_VERSION = 1.0;
				PRODUCT_BUNDLE_IDENTIFIER = "com.zagorodny.maps-Zgorodny--ZyablovTests";
				PRODUCT_NAME = "$(TARGET_NAME)";
				SWIFT_EMIT_LOC_STRINGS = NO;
				SWIFT_VERSION = 5.0;
				TARGETED_DEVICE_FAMILY = "1,2";
				TEST_HOST = "$(BUILT_PRODUCTS_DIR)/maps_Zgorodny\U001f_Zyablov.app/maps_Zgorodny\U001f_Zyablov";
			};
			name = Debug;
		};
		A5CB4F2C2770D23A0012A08E /* Release */ = {
			isa = XCBuildConfiguration;
			buildSettings = {
				ALWAYS_EMBED_SWIFT_STANDARD_LIBRARIES = YES;
				BUNDLE_LOADER = "$(TEST_HOST)";
				CODE_SIGN_STYLE = Automatic;
				CURRENT_PROJECT_VERSION = 1;
				DEVELOPMENT_TEAM = 529YP6Q7F6;
				GENERATE_INFOPLIST_FILE = YES;
				IPHONEOS_DEPLOYMENT_TARGET = 15.0;
				LD_RUNPATH_SEARCH_PATHS = (
					"$(inherited)",
					"@executable_path/Frameworks",
					"@loader_path/Frameworks",
				);
				MARKETING_VERSION = 1.0;
				PRODUCT_BUNDLE_IDENTIFIER = "com.zagorodny.maps-Zgorodny--ZyablovTests";
				PRODUCT_NAME = "$(TARGET_NAME)";
				SWIFT_EMIT_LOC_STRINGS = NO;
				SWIFT_VERSION = 5.0;
				TARGETED_DEVICE_FAMILY = "1,2";
				TEST_HOST = "$(BUILT_PRODUCTS_DIR)/maps_Zgorodny\U001f_Zyablov.app/maps_Zgorodny\U001f_Zyablov";
			};
			name = Release;
		};
		A5CB4F2E2770D23A0012A08E /* Debug */ = {
			isa = XCBuildConfiguration;
			buildSettings = {
				ALWAYS_EMBED_SWIFT_STANDARD_LIBRARIES = YES;
				CODE_SIGN_STYLE = Automatic;
				CURRENT_PROJECT_VERSION = 1;
				DEVELOPMENT_TEAM = 529YP6Q7F6;
				GENERATE_INFOPLIST_FILE = YES;
				LD_RUNPATH_SEARCH_PATHS = (
					"$(inherited)",
					"@executable_path/Frameworks",
					"@loader_path/Frameworks",
				);
				MARKETING_VERSION = 1.0;
				PRODUCT_BUNDLE_IDENTIFIER = "com.zagorodny.maps-Zgorodny--ZyablovUITests";
				PRODUCT_NAME = "$(TARGET_NAME)";
				SWIFT_EMIT_LOC_STRINGS = NO;
				SWIFT_VERSION = 5.0;
				TARGETED_DEVICE_FAMILY = "1,2";
				TEST_TARGET_NAME = "maps_Zgorodny\U001f_Zyablov";
			};
			name = Debug;
		};
		A5CB4F2F2770D23A0012A08E /* Release */ = {
			isa = XCBuildConfiguration;
			buildSettings = {
				ALWAYS_EMBED_SWIFT_STANDARD_LIBRARIES = YES;
				CODE_SIGN_STYLE = Automatic;
				CURRENT_PROJECT_VERSION = 1;
				DEVELOPMENT_TEAM = 529YP6Q7F6;
				GENERATE_INFOPLIST_FILE = YES;
				LD_RUNPATH_SEARCH_PATHS = (
					"$(inherited)",
					"@executable_path/Frameworks",
					"@loader_path/Frameworks",
				);
				MARKETING_VERSION = 1.0;
				PRODUCT_BUNDLE_IDENTIFIER = "com.zagorodny.maps-Zgorodny--ZyablovUITests";
				PRODUCT_NAME = "$(TARGET_NAME)";
				SWIFT_EMIT_LOC_STRINGS = NO;
				SWIFT_VERSION = 5.0;
				TARGETED_DEVICE_FAMILY = "1,2";
				TEST_TARGET_NAME = "maps_Zgorodny\U001f_Zyablov";
			};
			name = Release;
		};
/* End XCBuildConfiguration section */

/* Begin XCConfigurationList section */
		A5CB4EF82770D2350012A08E /* Build configuration list for PBXProject "maps_Zgorodny_Zyablov" */ = {
			isa = XCConfigurationList;
			buildConfigurations = (
				A5CB4F252770D23A0012A08E /* Debug */,
				A5CB4F262770D23A0012A08E /* Release */,
			);
			defaultConfigurationIsVisible = 0;
			defaultConfigurationName = Release;
		};
		A5CB4F272770D23A0012A08E /* Build configuration list for PBXNativeTarget "maps_Zgorodny_Zyablov" */ = {
			isa = XCConfigurationList;
			buildConfigurations = (
				A5CB4F282770D23A0012A08E /* Debug */,
				A5CB4F292770D23A0012A08E /* Release */,
			);
			defaultConfigurationIsVisible = 0;
			defaultConfigurationName = Release;
		};
		A5CB4F2A2770D23A0012A08E /* Build configuration list for PBXNativeTarget "maps_Zgorodny_ZyablovTests" */ = {
			isa = XCConfigurationList;
			buildConfigurations = (
				A5CB4F2B2770D23A0012A08E /* Debug */,
				A5CB4F2C2770D23A0012A08E /* Release */,
			);
			defaultConfigurationIsVisible = 0;
			defaultConfigurationName = Release;
		};
		A5CB4F2D2770D23A0012A08E /* Build configuration list for PBXNativeTarget "maps_Zgorodny_ZyablovUITests" */ = {
			isa = XCConfigurationList;
			buildConfigurations = (
				A5CB4F2E2770D23A0012A08E /* Debug */,
				A5CB4F2F2770D23A0012A08E /* Release */,
			);
			defaultConfigurationIsVisible = 0;
			defaultConfigurationName = Release;
		};
/* End XCConfigurationList section */
	};
	rootObject = A5CB4EF52770D2350012A08E /* Project object */;
}
